<?xml version="1.0" encoding="utf-8"?>
<Project ToolsVersion="4.0" xmlns="http://schemas.microsoft.com/developer/msbuild/2003">
  <ItemGroup>
    <Filter Include="src">
      <UniqueIdentifier>{555543cc-15cc-4d17-b019-2d75710ac8ba}</UniqueIdentifier>
    </Filter>
  </ItemGroup>
  <ItemGroup>
    <ClCompile Include="..\src\ilidar.cpp">
      <Filter>src</Filter>
    </ClCompile>
    <ClCompile Include="pcl_example.cpp" />
  </ItemGroup>
  <ItemGroup>
    <ClInclude Include="..\src\ilidar.hpp">
      <Filter>src</Filter>
    </ClInclude>
    <ClInclude Include="..\src\packet.hpp">
      <Filter>src</Filter>
    </ClInclude>
  </ItemGroup>
</Project>