<?xml version="1.0" encoding="utf-8"?>
<Project ToolsVersion="4.0" xmlns="http://schemas.microsoft.com/developer/msbuild/2003">
  <ItemGroup>
    <Filter Include="src">
      <UniqueIdentifier>{eed11eef-a85a-4770-a95f-9f1746ea86cc}</UniqueIdentifier>
    </Filter>
  </ItemGroup>
  <ItemGroup>
    <ClCompile Include="..\src\ilidar.cpp">
      <Filter>src</Filter>
    </ClCompile>
    <ClCompile Include="streamer.cpp" />
  </ItemGroup>
  <ItemGroup>
    <ClInclude Include="..\src\ilidar.hpp">
      <Filter>src</Filter>
    </ClInclude>
    <ClInclude Include="..\src\packet.hpp">
      <Filter>src</Filter>
    </ClInclude>
  </ItemGroup>
</Project>