<?xml version="1.0" encoding="utf-8"?>
<Project ToolsVersion="4.0" xmlns="http://schemas.microsoft.com/developer/msbuild/2003">
  <ItemGroup>
    <ClCompile Include="dllexport.cpp" />
    <ClCompile Include="..\src\ilidar.cpp">
      <Filter>src</Filter>
    </ClCompile>
  </ItemGroup>
  <ItemGroup>
    <ClInclude Include="dllexport.h" />
    <ClInclude Include="..\src\ilidar.hpp">
      <Filter>src</Filter>
    </ClInclude>
    <ClInclude Include="..\src\packet.hpp">
      <Filter>src</Filter>
    </ClInclude>
  </ItemGroup>
  <ItemGroup>
    <Filter Include="src">
      <UniqueIdentifier>{12d31f8c-2c49-4629-9cc7-e7562a924682}</UniqueIdentifier>
    </Filter>
  </ItemGroup>
</Project>